{
  "name": "My",
  "lockfileVersion": 3,
  "requires": true,
  "packages": {
    "": {
      "dependencies": {
        "@workoutx/sdk": "^0.1.0"
      }
    },
    "node_modules/@workoutx/sdk": {
      "version": "0.1.0",
      "resolved": "https://registry.npmjs.org/@workoutx/sdk/-/sdk-0.1.0.tgz",
      "integrity": "sha512-mB9nhcM0WrFZREqQEsV231ULp3TwlJ/yXtj7Kng7w/6Pnad2Pof4oMzrxejFr9ejmqHYy4LUHRbFpTiNaXHwRw==",
      "license": "MIT",
      "engines": {
        "node": ">=18"
      }
    }
  }
}
